{
    "version": 3,
    "terraform_version": "0.11.10",
    "serial": 7,
    "lineage": "3ee02e06-2ddf-56d6-60d4-773505eb2301",
    "modules": [
        {
            "path": [
                "root"
            ],
            "outputs": {
                "access_keys": {
                    "sensitive": false,
                    "type": "string",
                    "value": "# Continuous Integration\nexport AWS_ACCESS_KEY_ID=AKIAJKA5IQ2QSGH5XKWQ\nexport AWS_SECRET_ACCESS_KEY=$(echo \"wcBMAwtR4g2CFMEfAQgAYQ7v2cSH7L/qdjmTAfO+wu8BvIO/UA4bTFb8O20JomHKm9mE0g8FlkhqTIb1tZwL3oc+GH/6ZlHesAFV5SyTHHPVfohtvrlV5/glKdPr8c4O1J8MQKbE0ks1bwRo1NZxx5ydiqlMg1pthZYWf/D7ObrJCHYZOifltcPWeDjJKntlkUKo1VhTyY2TbrMHUulSzQdUHa70ayDs97dHnma2X9nYSTijSO28EJVpy0qoWaurJu3hNFQ/o3sEWUTF3JH9JCp5rvTYsQfJQW7ioZVLRtkmmxGY/z1NuiW2oM/c3qf9djhVjye+fbTSjT10pA+NpnbcSzKZnQy9H03uUp28DtLgAeT+GKeZhgsYyg1UYWpuSXxb4erZ4FHgIeGN7uBa4tQsVuHg7eXhA0NeTm6sSu+gnofiMhhMstDN5C2W2PYJ5rocpz5JZ+BG4yyhYJ9zn6uQ4O3k6bGQhYNnxdsg9XYto/5I0eLpb9/H4RDSAA==\" | base64 --decode | keybase pgp decrypt)\n"
                }
            },
            "resources": {
                "aws_iam_access_key.ci": {
                    "type": "aws_iam_access_key",
                    "depends_on": [
                        "aws_iam_user.ci"
                    ],
                    "primary": {
                        "id": "AKIAJKA5IQ2QSGH5XKWQ",
                        "attributes": {
                            "encrypted_secret": "wcBMAwtR4g2CFMEfAQgAYQ7v2cSH7L/qdjmTAfO+wu8BvIO/UA4bTFb8O20JomHKm9mE0g8FlkhqTIb1tZwL3oc+GH/6ZlHesAFV5SyTHHPVfohtvrlV5/glKdPr8c4O1J8MQKbE0ks1bwRo1NZxx5ydiqlMg1pthZYWf/D7ObrJCHYZOifltcPWeDjJKntlkUKo1VhTyY2TbrMHUulSzQdUHa70ayDs97dHnma2X9nYSTijSO28EJVpy0qoWaurJu3hNFQ/o3sEWUTF3JH9JCp5rvTYsQfJQW7ioZVLRtkmmxGY/z1NuiW2oM/c3qf9djhVjye+fbTSjT10pA+NpnbcSzKZnQy9H03uUp28DtLgAeT+GKeZhgsYyg1UYWpuSXxb4erZ4FHgIeGN7uBa4tQsVuHg7eXhA0NeTm6sSu+gnofiMhhMstDN5C2W2PYJ5rocpz5JZ+BG4yyhYJ9zn6uQ4O3k6bGQhYNnxdsg9XYto/5I0eLpb9/H4RDSAA==",
                            "id": "AKIAJKA5IQ2QSGH5XKWQ",
                            "key_fingerprint": "25a9a997092583faf08679bbdc786e6ac0fa76bf",
                            "pgp_key": "keybase:hchauvin",
                            "ses_smtp_password": "Ar7yIZfnWkHXrYp7wYNDY3c9NALxRi3/9kH4kLf/InUj",
                            "status": "Active",
                            "user": "ci_rpc_ts_aws_cognito"
                        },
                        "meta": {},
                        "tainted": false
                    },
                    "deposed": [],
                    "provider": "provider.aws"
                },
                "aws_iam_user.ci": {
                    "type": "aws_iam_user",
                    "depends_on": [],
                    "primary": {
                        "id": "ci_rpc_ts_aws_cognito",
                        "attributes": {
                            "arn": "arn:aws:iam::517924838671:user/ci_rpc_ts_aws_cognito",
                            "force_destroy": "false",
                            "id": "ci_rpc_ts_aws_cognito",
                            "name": "ci_rpc_ts_aws_cognito",
                            "path": "/",
                            "tags.%": "0",
                            "unique_id": "AIDAJOD2WEHUMUVYJVL7G"
                        },
                        "meta": {},
                        "tainted": false
                    },
                    "deposed": [],
                    "provider": "provider.aws"
                },
                "aws_iam_user_policy.ci": {
                    "type": "aws_iam_user_policy",
                    "depends_on": [
                        "aws_iam_user.ci"
                    ],
                    "primary": {
                        "id": "ci_rpc_ts_aws_cognito:circle_ci",
                        "attributes": {
                            "id": "ci_rpc_ts_aws_cognito:circle_ci",
                            "name": "circle_ci",
                            "policy": "{\n  \"Version\": \"2012-10-17\",\n  \"Statement\": [\n    {\n      \"Action\": [\n        \"cognito-idp:*\",\n        \"cognito-identity:*\"\n      ],\n      \"Effect\": \"Allow\",\n      \"Resource\": \"*\"\n    },\n    {\n      \"Action\": [\n        \"cognito-idp:ListUserPools\",\n        \"cognito-identity:ListIdentityPools\"\n      ],\n      \"Effect\": \"Disallow\",\n      \"Resource\": \"*\"\n    }\n  ]\n}\n",
                            "user": "ci_rpc_ts_aws_cognito"
                        },
                        "meta": {},
                        "tainted": false
                    },
                    "deposed": [],
                    "provider": "provider.aws"
                }
            },
            "depends_on": []
        }
    ]
}
